
Microsoft Visual Studio Solution File, Format Version 12.00
# Visual Studio 15
VisualStudioVersion = 15.0.28307.539
MinimumVisualStudioVersion = 10.0.40219.1
Project("{FAE04EC0-301F-11D3-BF4B-00C04F79EFBC}") = "Englisch_Woertchen", "Englisch_Woertchen\Englisch_Woertchen.csproj", "{120AA70A-716D-4682-9ADB-D527C35F3795}"
EndProject
Global
	GlobalSection(SolutionConfigurationPlatforms) = preSolution
		Debug|Any CPU = Debug|Any CPU
		Release|Any CPU = Release|Any CPU
	EndGlobalSection
	GlobalSection(ProjectConfigurationPlatforms) = postSolution
		{120AA70A-716D-4682-9ADB-D527C35F3795}.Debug|Any CPU.ActiveCfg = Debug|Any CPU
		{120AA70A-716D-4682-9ADB-D527C35F3795}.Debug|Any CPU.Build.0 = Debug|Any CPU
		{120AA70A-716D-4682-9ADB-D527C35F3795}.Release|Any CPU.ActiveCfg = Release|Any CPU
		{120AA70A-716D-4682-9ADB-D527C35F3795}.Release|Any CPU.Build.0 = Release|Any CPU
	EndGlobalSection
	GlobalSection(SolutionProperties) = preSolution
		HideSolutionNode = FALSE
	EndGlobalSection
	GlobalSection(ExtensibilityGlobals) = postSolution
		SolutionGuid = {6DE23CA8-836E-4E5A-9E94-25F93D8F36CD}
	EndGlobalSection
EndGlobal
