
Microsoft Visual Studio Solution File, Format Version 12.00
# Visual Studio 15
VisualStudioVersion = 15.0.28307.271
MinimumVisualStudioVersion = 10.0.40219.1
Project("{FAE04EC0-301F-11D3-BF4B-00C04F79EFBC}") = "Win_Calc", "Win_Calc\Win_Calc.csproj", "{CE616AB5-DA52-4B8A-A591-6119FF621877}"
EndProject
Global
	GlobalSection(SolutionConfigurationPlatforms) = preSolution
		Debug|Any CPU = Debug|Any CPU
		Release|Any CPU = Release|Any CPU
	EndGlobalSection
	GlobalSection(ProjectConfigurationPlatforms) = postSolution
		{CE616AB5-DA52-4B8A-A591-6119FF621877}.Debug|Any CPU.ActiveCfg = Debug|Any CPU
		{CE616AB5-DA52-4B8A-A591-6119FF621877}.Debug|Any CPU.Build.0 = Debug|Any CPU
		{CE616AB5-DA52-4B8A-A591-6119FF621877}.Release|Any CPU.ActiveCfg = Release|Any CPU
		{CE616AB5-DA52-4B8A-A591-6119FF621877}.Release|Any CPU.Build.0 = Release|Any CPU
	EndGlobalSection
	GlobalSection(SolutionProperties) = preSolution
		HideSolutionNode = FALSE
	EndGlobalSection
	GlobalSection(ExtensibilityGlobals) = postSolution
		SolutionGuid = {5A0F06E0-1685-4F05-820C-AEA780202306}
	EndGlobalSection
EndGlobal
